github.com/lesismal/fib v1.0.1-0.20261007151532-fddcb68dbe15 h1:OvV4pwNk1lJ14QB1WHD1SZE0lLGmZiBB8fOnjym/lek=
github.com/lesismal/fib v1.0.1-0.20261007151532-fddcb68dbe15/go.mod h1:ECyKMzlRaSlOWKBorTaEushOJZclLtclDlfONJxBB4U=
github.com/lesismal/fib v1.0.1-0.20261007162414-12c8367fcc93 h1:5NRW5RQp+fvpbDcNd0N1u+aRbJEJ9rxWaEr4TXOk5fs=
github.com/lesismal/fib v1.0.1-0.20261007162414-12c8367fcc93/go.mod h1:ECyKMzlRaSlOWKBorTaEushOJZclLtclDlfONJxBB4U=
